// !$*UTF8*$!
{
	archiveVersion = 1;
	classes = {
	};
	objectVersion = 50;
	objects = {

/* Begin PBXBuildFile section */
		47735F8D2118DCB000316FD5 /* AppDelegate.m in Sources */ = {isa = PBXBuildFile; fileRef = 47735F8C2118DCB000316FD5 /* AppDelegate.m */; };
		47735F932118DCB000316FD5 /* Main.storyboard in Resources */ = {isa = PBXBuildFile; fileRef = 47735F912118DCB000316FD5 /* Main.storyboard */; };
		47735F952118DCB200316FD5 /* Assets.xcassets in Resources */ = {isa = PBXBuildFile; fileRef = 47735F942118DCB200316FD5 /* Assets.xcassets */; };
		47735F982118DCB200316FD5 /* LaunchScreen.storyboard in Resources */ = {isa = PBXBuildFile; fileRef = 47735F962118DCB200316FD5 /* LaunchScreen.storyboard */; };
		47735F9B2118DCB200316FD5 /* main.m in Sources */ = {isa = PBXBuildFile; fileRef = 47735F9A2118DCB200316FD5 /* main.m */; };
		47735FA62118DE4700316FD5 /* TableViewController.m in Sources */ = {isa = PBXBuildFile; fileRef = 47735FA52118DE4700316FD5 /* TableViewController.m */; };
		47735FA92118DE5000316FD5 /* SecondViewController.m in Sources */ = {isa = PBXBuildFile; fileRef = 47735FA82118DE5000316FD5 /* SecondViewController.m */; };
/* End PBXBuildFile section */

/* Begin PBXFileReference section */
		47735F882118DCB000316FD5 /* Proba.app */ = {isa = PBXFileReference; explicitFileType = wrapper.application; includeInIndex = 0; path = Proba.app; sourceTree = BUILT_PRODUCTS_DIR; };
		47735F8B2118DCB000316FD5 /* AppDelegate.h */ = {isa = PBXFileReference; lastKnownFileType = sourcecode.c.h; path = AppDelegate.h; sourceTree = "<group>"; };
		47735F8C2118DCB000316FD5 /* AppDelegate.m */ = {isa = PBXFileReference; lastKnownFileType = sourcecode.c.objc; path = AppDelegate.m; sourceTree = "<group>"; };
		47735F922118DCB000316FD5 /* Base */ = {isa = PBXFileReference; lastKnownFileType = file.storyboard; name = Base; path = Base.lproj/Main.storyboard; sourceTree = "<group>"; };
		47735F942118DCB200316FD5 /* Assets.xcassets */ = {isa = PBXFileReference; lastKnownFileType = folder.assetcatalog; path = Assets.xcassets; sourceTree = "<group>"; };
		47735F972118DCB200316FD5 /* Base */ = {isa = PBXFileReference; lastKnownFileType = file.storyboard; name = Base; path = Base.lproj/LaunchScreen.storyboard; sourceTree = "<group>"; };
		47735F992118DCB200316FD5 /* Info.plist */ = {isa = PBXFileReference; lastKnownFileType = text.plist.xml; path = Info.plist; sourceTree = "<group>"; };
		47735F9A2118DCB200316FD5 /* main.m */ = {isa = PBXFileReference; lastKnownFileType = sourcecode.c.objc; path = main.m; sourceTree = "<group>"; };
		47735FA42118DE4700316FD5 /* TableViewController.h */ = {isa = PBXFileReference; lastKnownFileType = sourcecode.c.h; path = TableViewController.h; sourceTree = "<group>"; };
		47735FA52118DE4700316FD5 /* TableViewController.m */ = {isa = PBXFileReference; lastKnownFileType = sourcecode.c.objc; path = TableViewController.m; sourceTree = "<group>"; };
		47735FA72118DE5000316FD5 /* SecondViewController.h */ = {isa = PBXFileReference; lastKnownFileType = sourcecode.c.h; path = SecondViewController.h; sourceTree = "<group>"; };
		47735FA82118DE5000316FD5 /* SecondViewController.m */ = {isa = PBXFileReference; lastKnownFileType = sourcecode.c.objc; path = SecondViewController.m; sourceTree = "<group>"; };
/* End PBXFileReference section */

/* Begin PBXFrameworksBuildPhase section */
		47735F852118DCB000316FD5 /* Frameworks */ = {
			isa = PBXFrameworksBuildPhase;
			buildActionMask = 2147483647;
			files = (
			);
			runOnlyForDeploymentPostprocessing = 0;
		};
/* End PBXFrameworksBuildPhase section */

/* Begin PBXGroup section */
		47735F7F2118DCB000316FD5 = {
			isa = PBXGroup;
			children = (
				47735F8A2118DCB000316FD5 /* Proba */,
				47735F892118DCB000316FD5 /* Products */,
			);
			sourceTree = "<group>";
		};
		47735F892118DCB000316FD5 /* Products */ = {
			isa = PBXGroup;
			children = (
				47735F882118DCB000316FD5 /* Proba.app */,
			);
			name = Products;
			sourceTree = "<group>";
		};
		47735F8A2118DCB000316FD5 /* Proba */ = {
			isa = PBXGroup;
			children = (
				47735F8B2118DCB000316FD5 /* AppDelegate.h */,
				47735F8C2118DCB000316FD5 /* AppDelegate.m */,
				47735F912118DCB000316FD5 /* Main.storyboard */,
				47735F942118DCB200316FD5 /* Assets.xcassets */,
				47735F962118DCB200316FD5 /* LaunchScreen.storyboard */,
				47735F992118DCB200316FD5 /* Info.plist */,
				47735F9A2118DCB200316FD5 /* main.m */,
				47735FA42118DE4700316FD5 /* TableViewController.h */,
				47735FA52118DE4700316FD5 /* TableViewController.m */,
				47735FA72118DE5000316FD5 /* SecondViewController.h */,
				47735FA82118DE5000316FD5 /* SecondViewController.m */,
			);
			path = Proba;
			sourceTree = "<group>";
		};
/* End PBXGroup section */

/* Begin PBXNativeTarget section */
		47735F872118DCB000316FD5 /* Proba */ = {
			isa = PBXNativeTarget;
			buildConfigurationList = 47735F9E2118DCB200316FD5 /* Build configuration list for PBXNativeTarget "Proba" */;
			buildPhases = (
				47735F842118DCB000316FD5 /* Sources */,
				47735F852118DCB000316FD5 /* Frameworks */,
				47735F862118DCB000316FD5 /* Resources */,
			);
			buildRules = (
			);
			dependencies = (
			);
			name = Proba;
			productName = Proba;
			productReference = 47735F882118DCB000316FD5 /* Proba.app */;
			productType = "com.apple.product-type.application";
		};
/* End PBXNativeTarget section */

/* Begin PBXProject section */
		47735F802118DCB000316FD5 /* Project object */ = {
			isa = PBXProject;
			attributes = {
				LastUpgradeCheck = 0940;
				ORGANIZATIONNAME = Kwindoo;
				TargetAttributes = {
					47735F872118DCB000316FD5 = {
						CreatedOnToolsVersion = 9.4.1;
					};
				};
			};
			buildConfigurationList = 47735F832118DCB000316FD5 /* Build configuration list for PBXProject "Proba" */;
			compatibilityVersion = "Xcode 9.3";
			developmentRegion = en;
			hasScannedForEncodings = 0;
			knownRegions = (
				en,
				Base,
			);
			mainGroup = 47735F7F2118DCB000316FD5;
			productRefGroup = 47735F892118DCB000316FD5 /* Products */;
			projectDirPath = "";
			projectRoot = "";
			targets = (
				47735F872118DCB000316FD5 /* Proba */,
			);
		};
/* End PBXProject section */

/* Begin PBXResourcesBuildPhase section */
		47735F862118DCB000316FD5 /* Resources */ = {
			isa = PBXResourcesBuildPhase;
			buildActionMask = 2147483647;
			files = (
				47735F982118DCB200316FD5 /* LaunchScreen.storyboard in Resources */,
				47735F952118DCB200316FD5 /* Assets.xcassets in Resources */,
				47735F932118DCB000316FD5 /* Main.storyboard in Resources */,
			);
			runOnlyForDeploymentPostprocessing = 0;
		};
/* End PBXResourcesBuildPhase section */

/* Begin PBXSourcesBuildPhase section */
		47735F842118DCB000316FD5 /* Sources */ = {
			isa = PBXSourcesBuildPhase;
			buildActionMask = 2147483647;
			files = (
				47735FA92118DE5000316FD5 /* SecondViewController.m in Sources */,
				47735F9B2118DCB200316FD5 /* main.m in Sources */,
				47735FA62118DE4700316FD5 /* TableViewController.m in Sources */,
				47735F8D2118DCB000316FD5 /* AppDelegate.m in Sources */,
			);
			runOnlyForDeploymentPostprocessing = 0;
		};
/* End PBXSourcesBuildPhase section */

/* Begin PBXVariantGroup section */
		47735F912118DCB000316FD5 /* Main.storyboard */ = {
			isa = PBXVariantGroup;
			children = (
				47735F922118DCB000316FD5 /* Base */,
			);
			name = Main.storyboard;
			sourceTree = "<group>";
		};
		47735F962118DCB200316FD5 /* LaunchScreen.storyboard */ = {
			isa = PBXVariantGroup;
			children = (
				47735F972118DCB200316FD5 /* Base */,
			);
			name = LaunchScreen.storyboard;
			sourceTree = "<group>";
		};
/* End PBXVariantGroup section */

/* Begin XCBuildConfiguration section */
		47735F9C2118DCB200316FD5 /* Debug */ = {
			isa = XCBuildConfiguration;
			buildSettings = {
				ALWAYS_SEARCH_USER_PATHS = NO;
				CLANG_ANALYZER_NONNULL = YES;
				CLANG_ANALYZER_NUMBER_OBJECT_CONVERSION = YES_AGGRESSIVE;
				CLANG_CXX_LANGUAGE_STANDARD = "gnu++14";
				CLANG_CXX_LIBRARY = "libc++";
				CLANG_ENABLE_MODULES = YES;
				CLANG_ENABLE_OBJC_ARC = YES;
				CLANG_ENABLE_OBJC_WEAK = YES;
				CLANG_WARN_BLOCK_CAPTURE_AUTORELEASING = YES;
				CLANG_WARN_BOOL_CONVERSION = YES;
				CLANG_WARN_COMMA = YES;
				CLANG_WARN_CONSTANT_CONVERSION = YES;
				CLANG_WARN_DEPRECATED_OBJC_IMPLEMENTATIONS = YES;
				CLANG_WARN_DIRECT_OBJC_ISA_USAGE = YES_ERROR;
				CLANG_WARN_DOCUMENTATION_COMMENTS = YES;
				CLANG_WARN_EMPTY_BODY = YES;
				CLANG_WARN_ENUM_CONVERSION = YES;
				CLANG_WARN_INFINITE_RECURSION = YES;
				CLANG_WARN_INT_CONVERSION = YES;
				CLANG_WARN_NON_LITERAL_NULL_CONVERSION = YES;
				CLANG_WARN_OBJC_IMPLICIT_RETAIN_SELF = YES;
				CLANG_WARN_OBJC_LITERAL_CONVERSION = YES;
				CLANG_WARN_OBJC_ROOT_CLASS = YES_ERROR;
				CLANG_WARN_RANGE_LOOP_ANALYSIS = YES;
				CLANG_WARN_STRICT_PROTOTYPES = YES;
				CLANG_WARN_SUSPICIOUS_MOVE = YES;
				CLANG_WARN_UNGUARDED_AVAILABILITY = YES_AGGRESSIVE;
				CLANG_WARN_UNREACHABLE_CODE = YES;
				CLANG_WARN__DUPLICATE_METHOD_MATCH = YES;
				CODE_SIGN_IDENTITY = "iPhone Developer";
				COPY_PHASE_STRIP = NO;
				DEBUG_INFORMATION_FORMAT = dwarf;
				ENABLE_STRICT_OBJC_MSGSEND = YES;
				ENABLE_TESTABILITY = YES;
				GCC_C_LANGUAGE_STANDARD = gnu11;
				GCC_DYNAMIC_NO_PIC = NO;
				GCC_NO_COMMON_BLOCKS = YES;
				GCC_OPTIMIZATION_LEVEL = 0;
				GCC_PREPROCESSOR_DEFINITIONS = (
					"DEBUG=1",
					"$(inherited)",
				);
				GCC_WARN_64_TO_32_BIT_CONVERSION = YES;
				GCC_WARN_ABOUT_RETURN_TYPE = YES_ERROR;
				GCC_WARN_UNDECLARED_SELECTOR = YES;
				GCC_WARN_UNINITIALIZED_AUTOS = YES_AGGRESSIVE;
				GCC_WARN_UNUSED_FUNCTION = YES;
				GCC_WARN_UNUSED_VARIABLE = YES;
				IPHONEOS_DEPLOYMENT_TARGET = 11.4;
				MTL_ENABLE_DEBUG_INFO = YES;
				ONLY_ACTIVE_ARCH = YES;
				SDKROOT = iphoneos;
			};
			name = Debug;
		};
		47735F9D2118DCB200316FD5 /* Release */ = {
			isa = XCBuildConfiguration;
			buildSettings = {
				ALWAYS_SEARCH_USER_PATHS = NO;
				CLANG_ANALYZER_NONNULL = YES;
				CLANG_ANALYZER_NUMBER_OBJECT_CONVERSION = YES_AGGRESSIVE;
				CLANG_CXX_LANGUAGE_STANDARD = "gnu++14";
				CLANG_CXX_LIBRARY = "libc++";
				CLANG_ENABLE_MODULES = YES;
				CLANG_ENABLE_OBJC_ARC = YES;
				CLANG_ENABLE_OBJC_WEAK = YES;
				CLANG_WARN_BLOCK_CAPTURE_AUTORELEASING = YES;
				CLANG_WARN_BOOL_CONVERSION = YES;
				CLANG_WARN_COMMA = YES;
				CLANG_WARN_CONSTANT_CONVERSION = YES;
				CLANG_WARN_DEPRECATED_OBJC_IMPLEMENTATIONS = YES;
				CLANG_WARN_DIRECT_OBJC_ISA_USAGE = YES_ERROR;
				CLANG_WARN_DOCUMENTATION_COMMENTS = YES;
				CLANG_WARN_EMPTY_BODY = YES;
				CLANG_WARN_ENUM_CONVERSION = YES;
				CLANG_WARN_INFINITE_RECURSION = YES;
				CLANG_WARN_INT_CONVERSION = YES;
				CLANG_WARN_NON_LITERAL_NULL_CONVERSION = YES;
				CLANG_WARN_OBJC_IMPLICIT_RETAIN_SELF = YES;
				CLANG_WARN_OBJC_LITERAL_CONVERSION = YES;
				CLANG_WARN_OBJC_ROOT_CLASS = YES_ERROR;
				CLANG_WARN_RANGE_LOOP_ANALYSIS = YES;
				CLANG_WARN_STRICT_PROTOTYPES = YES;
				CLANG_WARN_SUSPICIOUS_MOVE = YES;
				CLANG_WARN_UNGUARDED_AVAILABILITY = YES_AGGRESSIVE;
				CLANG_WARN_UNREACHABLE_CODE = YES;
				CLANG_WARN__DUPLICATE_METHOD_MATCH = YES;
				CODE_SIGN_IDENTITY = "iPhone Developer";
				COPY_PHASE_STRIP = NO;
				DEBUG_INFORMATION_FORMAT = "dwarf-with-dsym";
				ENABLE_NS_ASSERTIONS = NO;
				ENABLE_STRICT_OBJC_MSGSEND = YES;
				GCC_C_LANGUAGE_STANDARD = gnu11;
				GCC_NO_COMMON_BLOCKS = YES;
				GCC_WARN_64_TO_32_BIT_CONVERSION = YES;
				GCC_WARN_ABOUT_RETURN_TYPE = YES_ERROR;
				GCC_WARN_UNDECLARED_SELECTOR = YES;
				GCC_WARN_UNINITIALIZED_AUTOS = YES_AGGRESSIVE;
				GCC_WARN_UNUSED_FUNCTION = YES;
				GCC_WARN_UNUSED_VARIABLE = YES;
				IPHONEOS_DEPLOYMENT_TARGET = 11.4;
				MTL_ENABLE_DEBUG_INFO = NO;
				SDKROOT = iphoneos;
				VALIDATE_PRODUCT = YES;
			};
			name = Release;
		};
		47735F9F2118DCB200316FD5 /* Debug */ = {
			isa = XCBuildConfiguration;
			buildSettings = {
				ASSETCATALOG_COMPILER_APPICON_NAME = AppIcon;
				CODE_SIGN_STYLE = Automatic;
				DEVELOPMENT_TEAM = 9L2H2A796T;
				INFOPLIST_FILE = Proba/Info.plist;
				LD_RUNPATH_SEARCH_PATHS = (
					"$(inherited)",
					"@executable_path/Frameworks",
				);
				PRODUCT_BUNDLE_IDENTIFIER = com.kwindoo.Proba;
				PRODUCT_NAME = "$(TARGET_NAME)";
				TARGETED_DEVICE_FAMILY = "1,2";
			};
			name = Debug;
		};
		47735FA02118DCB200316FD5 /* Release */ = {
			isa = XCBuildConfiguration;
			buildSettings = {
				ASSETCATALOG_COMPILER_APPICON_NAME = AppIcon;
				CODE_SIGN_STYLE = Automatic;
				DEVELOPMENT_TEAM = 9L2H2A796T;
				INFOPLIST_FILE = Proba/Info.plist;
				LD_RUNPATH_SEARCH_PATHS = (
					"$(inherited)",
					"@executable_path/Frameworks",
				);
				PRODUCT_BUNDLE_IDENTIFIER = com.kwindoo.Proba;
				PRODUCT_NAME = "$(TARGET_NAME)";
				TARGETED_DEVICE_FAMILY = "1,2";
			};
			name = Release;
		};
/* End XCBuildConfiguration section */

/* Begin XCConfigurationList section */
		47735F832118DCB000316FD5 /* Build configuration list for PBXProject "Proba" */ = {
			isa = XCConfigurationList;
			buildConfigurations = (
				47735F9C2118DCB200316FD5 /* Debug */,
				47735F9D2118DCB200316FD5 /* Release */,
			);
			defaultConfigurationIsVisible = 0;
			defaultConfigurationName = Release;
		};
		47735F9E2118DCB200316FD5 /* Build configuration list for PBXNativeTarget "Proba" */ = {
			isa = XCConfigurationList;
			buildConfigurations = (
				47735F9F2118DCB200316FD5 /* Debug */,
				47735FA02118DCB200316FD5 /* Release */,
			);
			defaultConfigurationIsVisible = 0;
			defaultConfigurationName = Release;
		};
/* End XCConfigurationList section */
	};
	rootObject = 47735F802118DCB000316FD5 /* Project object */;
}
